
Microsoft Visual Studio Solution File, Format Version 12.00
# Visual Studio Version 17
VisualStudioVersion = 17.1.32328.378
MinimumVisualStudioVersion = 10.0.40219.1
Project("{FAE04EC0-301F-11D3-BF4B-00C04F79EFBC}") = "Double_Linked_List", "Double_Linked_List.csproj", "{DCB40BCF-3930-4854-B909-387E4241F8BC}"
EndProject
Global
	GlobalSection(SolutionConfigurationPlatforms) = preSolution
		Debug|Any CPU = Debug|Any CPU
		Release|Any CPU = Release|Any CPU
	EndGlobalSection
	GlobalSection(ProjectConfigurationPlatforms) = postSolution
		{DCB40BCF-3930-4854-B909-387E4241F8BC}.Debug|Any CPU.ActiveCfg = Debug|Any CPU
		{DCB40BCF-3930-4854-B909-387E4241F8BC}.Debug|Any CPU.Build.0 = Debug|Any CPU
		{DCB40BCF-3930-4854-B909-387E4241F8BC}.Release|Any CPU.ActiveCfg = Release|Any CPU
		{DCB40BCF-3930-4854-B909-387E4241F8BC}.Release|Any CPU.Build.0 = Release|Any CPU
	EndGlobalSection
	GlobalSection(SolutionProperties) = preSolution
		HideSolutionNode = FALSE
	EndGlobalSection
	GlobalSection(ExtensibilityGlobals) = postSolution
		SolutionGuid = {BE453173-35B6-4CD6-B495-DDE55EDE3CD1}
	EndGlobalSection
EndGlobal
